
Microsoft Visual Studio Solution File, Format Version 12.00
# Visual Studio Version 17
VisualStudioVersion = 17.4.33110.190
MinimumVisualStudioVersion = 10.0.40219.1
Project("{FAE04EC0-301F-11D3-BF4B-00C04F79EFBC}") = "Bai1_1", "Bai1_1\Bai1_1.csproj", "{37B53B6F-EED4-4804-B27B-A48FB9C91C95}"
EndProject
Global
	GlobalSection(SolutionConfigurationPlatforms) = preSolution
		Debug|Any CPU = Debug|Any CPU
		Release|Any CPU = Release|Any CPU
	EndGlobalSection
	GlobalSection(ProjectConfigurationPlatforms) = postSolution
		{37B53B6F-EED4-4804-B27B-A48FB9C91C95}.Debug|Any CPU.ActiveCfg = Debug|Any CPU
		{37B53B6F-EED4-4804-B27B-A48FB9C91C95}.Debug|Any CPU.Build.0 = Debug|Any CPU
		{37B53B6F-EED4-4804-B27B-A48FB9C91C95}.Release|Any CPU.ActiveCfg = Release|Any CPU
		{37B53B6F-EED4-4804-B27B-A48FB9C91C95}.Release|Any CPU.Build.0 = Release|Any CPU
	EndGlobalSection
	GlobalSection(SolutionProperties) = preSolution
		HideSolutionNode = FALSE
	EndGlobalSection
	GlobalSection(ExtensibilityGlobals) = postSolution
		SolutionGuid = {08480AB0-3EEE-428A-9004-4C472B6964A9}
	EndGlobalSection
EndGlobal
